
Microsoft Visual Studio Solution File, Format Version 12.00
# Visual Studio Version 17
VisualStudioVersion = 17.6.33815.320
MinimumVisualStudioVersion = 10.0.40219.1
Project("{8BC9CEB8-8B4A-11D0-8D11-00A0C91BC942}") = "Project1", "Project1\Project1.vcxproj", "{D992189B-FC31-4136-A789-6E754E4398FE}"
EndProject
Project("{8BC9CEB8-8B4A-11D0-8D11-00A0C91BC942}") = "Project2", "Project2\Project2.vcxproj", "{F99AE5C5-B4C4-4B53-ABB1-C81C4844482E}"
EndProject
Global
	GlobalSection(SolutionConfigurationPlatforms) = preSolution
		Debug|x64 = Debug|x64
		Debug|x86 = Debug|x86
		Release|x64 = Release|x64
		Release|x86 = Release|x86
	EndGlobalSection
	GlobalSection(ProjectConfigurationPlatforms) = postSolution
		{D992189B-FC31-4136-A789-6E754E4398FE}.Debug|x64.ActiveCfg = Debug|x64
		{D992189B-FC31-4136-A789-6E754E4398FE}.Debug|x64.Build.0 = Debug|x64
		{D992189B-FC31-4136-A789-6E754E4398FE}.Debug|x86.ActiveCfg = Debug|Win32
		{D992189B-FC31-4136-A789-6E754E4398FE}.Debug|x86.Build.0 = Debug|Win32
		{D992189B-FC31-4136-A789-6E754E4398FE}.Release|x64.ActiveCfg = Release|x64
		{D992189B-FC31-4136-A789-6E754E4398FE}.Release|x64.Build.0 = Release|x64
		{D992189B-FC31-4136-A789-6E754E4398FE}.Release|x86.ActiveCfg = Release|Win32
		{D992189B-FC31-4136-A789-6E754E4398FE}.Release|x86.Build.0 = Release|Win32
		{F99AE5C5-B4C4-4B53-ABB1-C81C4844482E}.Debug|x64.ActiveCfg = Debug|x64
		{F99AE5C5-B4C4-4B53-ABB1-C81C4844482E}.Debug|x64.Build.0 = Debug|x64
		{F99AE5C5-B4C4-4B53-ABB1-C81C4844482E}.Debug|x86.ActiveCfg = Debug|Win32
		{F99AE5C5-B4C4-4B53-ABB1-C81C4844482E}.Debug|x86.Build.0 = Debug|Win32
		{F99AE5C5-B4C4-4B53-ABB1-C81C4844482E}.Release|x64.ActiveCfg = Release|x64
		{F99AE5C5-B4C4-4B53-ABB1-C81C4844482E}.Release|x64.Build.0 = Release|x64
		{F99AE5C5-B4C4-4B53-ABB1-C81C4844482E}.Release|x86.ActiveCfg = Release|Win32
		{F99AE5C5-B4C4-4B53-ABB1-C81C4844482E}.Release|x86.Build.0 = Release|Win32
	EndGlobalSection
	GlobalSection(SolutionProperties) = preSolution
		HideSolutionNode = FALSE
	EndGlobalSection
	GlobalSection(ExtensibilityGlobals) = postSolution
		SolutionGuid = {5A500D2B-6A39-4696-BBF2-71CB6F7BCECA}
	EndGlobalSection
EndGlobal
